# THIS IS AN AUTOGENERATED FILE. DO NOT EDIT THIS FILE DIRECTLY.
# yarn lockfile v1


"@types/estree@0.0.39":
  version "0.0.39"
  resolved "https://registry.yarnpkg.com/@types/estree/-/estree-0.0.39.tgz#e177e699ee1b8c22d23174caaa7422644389509f"
  integrity sha512-EYNwp3bU+98cpU4lAWYYL7Zz+2gryWH1qbdDTidVd6hkiR6weksdbMadyXKXNPEkQFhXM+hVO9ZygomHXp+AIw==

"@types/node@^12.0.8":
  version "12.0.10"
  resolved "https://registry.yarnpkg.com/@types/node/-/node-12.0.10.tgz#51babf9c7deadd5343620055fc8aff7995c8b031"
  integrity sha512-LcsGbPomWsad6wmMNv7nBLw7YYYyfdYcz6xryKYQhx89c3XXan+8Q6AJ43G5XDIaklaVkK3mE4fCb0SBvMiPSQ==

acorn@^6.1.1:
  version "6.1.1"
  resolved "https://registry.yarnpkg.com/acorn/-/acorn-6.1.1.tgz#7d25ae05bb8ad1f9b699108e1094ecd7884adc1f"
  integrity sha512-jPTiwtOxaHNaAPg/dmrJ/beuzLRnXtB0kQPQ8JpotKJgTB6rX6c8mlf315941pyjBSaPg8NHXS9fhP4u17DpGA==

commenting@1.1.0:
  version "1.1.0"
  resolved "https://registry.yarnpkg.com/commenting/-/commenting-1.1.0.tgz#fae14345c6437b8554f30bc6aa6c1e1633033590"
  integrity sha512-YeNK4tavZwtH7jEgK1ZINXzLKm6DZdEMfsaaieOsCAN0S8vsY7UeuO3Q7d/M018EFgE+IeUAuBOKkFccBZsUZA==

estree-walker@^0.6.1:
  version "0.6.1"
  resolved "https://registry.yarnpkg.com/estree-walker/-/estree-walker-0.6.1.tgz#53049143f40c6eb918b23671d1fe3219f3a1b362"
  integrity sha512-SqmZANLWS0mnatqbSfRP5g8OXZC12Fgg1IwNtLsyHDzJizORW4khDfjPqJZsemPWBB2uqykUah5YpQ6epsqC/w==

js-cleanup@^1.0.1:
  version "1.0.1"
  resolved "https://registry.yarnpkg.com/js-cleanup/-/js-cleanup-1.0.1.tgz#1d38080c7ee92e1d2d2b94054d0a33c48951e0df"
  integrity sha512-wyHeWKqbcQV78/tiMJ6pgJrkG7p2u3b2xX9IJFvvurpJL9/++89dHfkUebhWvSMS84LG0uQ7BnG5GGyAzY21Ag==
  dependencies:
    magic-string "^0.25.1"
    perf-regexes "^1.0.1"
    skip-regex "^1.0.2"

lodash@4.17.11:
  version "4.17.11"
  resolved "https://registry.yarnpkg.com/lodash/-/lodash-4.17.11.tgz#b39ea6229ef607ecd89e2c8df12536891cac9b8d"
  integrity sha512-cQKh8igo5QUhZ7lg38DYWAxMvjSAKG0A8wGSVimP07SIUEK2UO+arSRKbRZWtelMtN5V0Hkwh5ryOto/SshYIg==

magic-string@0.25.2, magic-string@^0.25.1:
  version "0.25.2"
  resolved "https://registry.yarnpkg.com/magic-string/-/magic-string-0.25.2.tgz#139c3a729515ec55e96e69e82a11fe890a293ad9"
  integrity sha512-iLs9mPjh9IuTtRsqqhNGYcZXGei0Nh/A4xirrsqW7c+QhKVFL2vm7U09ru6cHRD22azaP/wMDgI+HCqbETMTtg==
  dependencies:
    sourcemap-codec "^1.4.4"

minimist@0.0.8:
  version "0.0.8"
  resolved "https://registry.yarnpkg.com/minimist/-/minimist-0.0.8.tgz#857fcabfc3397d2625b8228262e86aa7a011b05d"
  integrity sha1-hX/Kv8M5fSYluCKCYuhqp6ARsF0=

mkdirp@0.5.1:
  version "0.5.1"
  resolved "https://registry.yarnpkg.com/mkdirp/-/mkdirp-0.5.1.tgz#30057438eac6cf7f8c4767f38648d6697d75c903"
  integrity sha1-MAV0OOrGz3+MR2fzhkjWaX11yQM=
  dependencies:
    minimist "0.0.8"

moment@2.24.0:
  version "2.24.0"
  resolved "https://registry.yarnpkg.com/moment/-/moment-2.24.0.tgz#0d055d53f5052aa653c9f6eb68bb5d12bf5c2b5b"
  integrity sha512-bV7f+6l2QigeBBZSM/6yTNq4P2fNpSWj/0e7jQcy87A8e7o2nAfP/34/2ky5Vw4B9S446EtIhodAzkFCcR4dQg==

perf-regexes@^1.0.1:
  version "1.0.1"
  resolved "https://registry.yarnpkg.com/perf-regexes/-/perf-regexes-1.0.1.tgz#6da1d62f5a94bf9353a0451bccacf69068b75d0b"
  integrity sha512-L7MXxUDtqr4PUaLFCDCXBfGV/6KLIuSEccizDI7JxT+c9x1G1v04BQ4+4oag84SHaCdrBgQAIs/Cqn+flwFPng==

rollup-plugin-cleanup@^3.1.1:
  version "3.1.1"
  resolved "https://registry.yarnpkg.com/rollup-plugin-cleanup/-/rollup-plugin-cleanup-3.1.1.tgz#d012faab5e212b1c4bfa8144ace70fc6ac7b3315"
  integrity sha512-wMS9JQm4ShvlMqno1pOfqvh0yYgNLO2ZgmzDsVvKuDt4XCn+9DcMoUwRQ5t9p9b113dR5FhPFFUHnvvQ/yuEtA==
  dependencies:
    js-cleanup "^1.0.1"
    rollup-pluginutils "^2.3.3"

rollup-plugin-license@^0.9.0:
  version "0.9.0"
  resolved "https://registry.yarnpkg.com/rollup-plugin-license/-/rollup-plugin-license-0.9.0.tgz#58660e424fe80223b5398cc06d22b95342508ad3"
  integrity sha512-/1PW3C1+xIeUsaSQdvRsMFu7Oqmou6ArLBy5vDfem1Yv8wEBGlJ4+izYTZn61Lq39srT+6bndK+zfYTz0CrXQQ==
  dependencies:
    commenting "1.1.0"
    lodash "4.17.11"
    magic-string "0.25.2"
    mkdirp "0.5.1"
    moment "2.24.0"

rollup-pluginutils@^2.3.3:
  version "2.8.1"
  resolved "https://registry.yarnpkg.com/rollup-pluginutils/-/rollup-pluginutils-2.8.1.tgz#8fa6dd0697344938ef26c2c09d2488ce9e33ce97"
  integrity sha512-J5oAoysWar6GuZo0s+3bZ6sVZAC0pfqKz68De7ZgDi5z63jOVZn1uJL/+z1jeKHNbGII8kAyHF5q8LnxSX5lQg==
  dependencies:
    estree-walker "^0.6.1"

rollup@^1.16.2:
  version "1.16.2"
  resolved "https://registry.yarnpkg.com/rollup/-/rollup-1.16.2.tgz#959aeae4b06c8e540749bac442d6d37aefb9217d"
  integrity sha512-UAZxaQvH0klYZdF+90xv9nGb+m4p8jdoaow1VL5/RzDK/gN/4CjvaMmJNcOIv1/+gtzswKhAg/467mzF0sLpAg==
  dependencies:
    "@types/estree" "0.0.39"
    "@types/node" "^12.0.8"
    acorn "^6.1.1"

skip-regex@^1.0.2:
  version "1.0.2"
  resolved "https://registry.yarnpkg.com/skip-regex/-/skip-regex-1.0.2.tgz#ac655d77e7c771ac2b9f37585fea37bff56ad65b"
  integrity sha512-pEjMUbwJ5Pl/6Vn6FsamXHXItJXSRftcibixDmNCWbWhic0hzHrwkMZo0IZ7fMRH9KxcWDFSkzhccB4285PutA==

sourcemap-codec@^1.4.4:
  version "1.4.4"
  resolved "https://registry.yarnpkg.com/sourcemap-codec/-/sourcemap-codec-1.4.4.tgz#c63ea927c029dd6bd9a2b7fa03b3fec02ad56e9f"
  integrity sha512-CYAPYdBu34781kLHkaW3m6b/uUSyMOC2R61gcYMWooeuaGtjof86ZA/8T+qVPPt7np1085CR9hmMGrySwEc8Xg==
