# THIS IS AN AUTOGENERATED FILE. DO NOT EDIT THIS FILE DIRECTLY.
# yarn lockfile v1


fre@^1.4.2:
  version "1.4.2"
  resolved "https://registry.npmjs.org/fre/-/fre-1.4.2.tgz#6462d61e2fce6ed411877095beef05265aa00986"
  integrity sha512-ZVjCt7+SycevNj6cf6ciPv9NPF6bs+0XXj1zWidFTbVtqw4G1/naNgAiB+jTPkIn7Wew9MTBEqQvHSZt2ZBazg==
